
Microsoft Visual Studio Solution File, Format Version 11.00
# Visual Studio 2010
Project("{FAE04EC0-301F-11D3-BF4B-00C04F79EFBC}") = "CommonUtility", "CommonUtility\CommonUtility.csproj", "{AEB4AAD5-6D16-4138-8427-00F6E960D0DB}"
EndProject
Project("{FAE04EC0-301F-11D3-BF4B-00C04F79EFBC}") = "DBUtils", "DBUtils\DBUtils.csproj", "{B4DA795B-01E6-463B-9E6B-6D5BD2006CDC}"
EndProject
Project("{FAE04EC0-301F-11D3-BF4B-00C04F79EFBC}") = "Entry", "Entry\Entry.csproj", "{74CA0ECB-3D0E-492C-B6F2-CAC939E8AF8C}"
EndProject
Project("{FAE04EC0-301F-11D3-BF4B-00C04F79EFBC}") = "Logic", "Logic\Logic.csproj", "{BE5A0F7C-1A07-431F-9361-025342BF302B}"
EndProject
Project("{E24C65DC-7377-472B-9ABA-BC803B73C61A}") = "WebAPI", "WebAPI\", "{F799F2D2-6612-4D97-BA80-474371FB83D2}"
	ProjectSection(WebsiteProperties) = preProject
		TargetFrameworkMoniker = ".NETFramework,Version%3Dv3.5"
		ProjectReferences = "{B4DA795B-01E6-463B-9E6B-6D5BD2006CDC}|TF.RunSafty.DBUtils.dll;{74CA0ECB-3D0E-492C-B6F2-CAC939E8AF8C}|TF.RunSafty.Entry.dll;{BE5A0F7C-1A07-431F-9361-025342BF302B}|TF.RunSafty.Logic.dll;{A12B5B6E-2F45-4164-A310-C378679E6E97}|TF.Runsafty.Bll.Plan.dll;{C121A511-7099-4BE0-B68E-51DA4A423161}|TF.RunSafty.bll.SiteLogic.dll;{62691C0E-8704-4F7E-AFF9-565E492F5320}|TF.RunSafty.Bll.BaseDict.dll;{13DF8A21-F3F2-440E-A70A-9A9DB891F796}|TF.RunSafty.bll.NamePlate.dll;{AEB4AAD5-6D16-4138-8427-00F6E960D0DB}|TF.RunSafty.CommonUtility.dll;{07010A44-2281-4952-BAFE-5968E0720218}|TF.RunSafty.Bll.LEDNameplates.dll;{8752B3DF-8DA3-4B8E-AE63-15A3BEE7BEBE}|TF.Runsafty.bll.DrinkLogic.dll;{1BAFC60F-3D3F-4A77-ABA0-613E969BABE7}|TF.Runsafty.bll.BeginworkFlow.dll;{84E0C845-A2E0-475E-BC75-6FBEA2300071}|TF.RunSafty.bll.SynLog.dll;{37EB66BC-6CF1-453F-A5A1-7AF2E6FC6FC9}|TF.Utils.dll;{C028801C-3B9E-4F6E-BA89-0E168BA911A7}|TF.RunSafty.bll.Utility.dll;"
		Debug.AspNetCompiler.VirtualPath = "/WebAPI"
		Debug.AspNetCompiler.PhysicalPath = "WebAPI\"
		Debug.AspNetCompiler.TargetPath = "PrecompiledWeb\WebAPI\"
		Debug.AspNetCompiler.Updateable = "true"
		Debug.AspNetCompiler.ForceOverwrite = "true"
		Debug.AspNetCompiler.FixedNames = "false"
		Debug.AspNetCompiler.Debug = "True"
		Release.AspNetCompiler.VirtualPath = "/WebAPI"
		Release.AspNetCompiler.PhysicalPath = "WebAPI\"
		Release.AspNetCompiler.TargetPath = "PrecompiledWeb\WebAPI\"
		Release.AspNetCompiler.Updateable = "true"
		Release.AspNetCompiler.ForceOverwrite = "true"
		Release.AspNetCompiler.FixedNames = "false"
		Release.AspNetCompiler.Debug = "False"
		VWDPort = "7777"
		VWDDynamicPort = "false"
		VWDVirtualPath = "/"
	EndProjectSection
EndProject
Project("{2150E333-8FDC-42A3-9474-1A3956D46DE8}") = "运安接口", "运安接口", "{C1B86247-3C62-4F14-94FF-24A9A8B95133}"
EndProject
Project("{2150E333-8FDC-42A3-9474-1A3956D46DE8}") = "基础类库", "基础类库", "{A183FBC2-9C56-4519-A8F2-F8CA82BADBE3}"
EndProject
Project("{FAE04EC0-301F-11D3-BF4B-00C04F79EFBC}") = "TF.RunSafty.bll.LED", "WebAPI_Business\TF.RunSafty.bll.LED\TF.RunSafty.bll.LED.csproj", "{805D023D-3990-44FB-8159-F29C60E34135}"
EndProject
Project("{FAE04EC0-301F-11D3-BF4B-00C04F79EFBC}") = "TF.RunSafty.bll.NameGroup", "WebAPI_Business\TF.RunSafty.bll.NameGroup\TF.RunSafty.bll.NameGroup.csproj", "{13DF8A21-F3F2-440E-A70A-9A9DB891F796}"
EndProject
Project("{FAE04EC0-301F-11D3-BF4B-00C04F79EFBC}") = "TF.RunSafty.bll.Notice", "WebAPI_Business\TF.RunSafty.bll.Notice\TF.RunSafty.bll.Notice.csproj", "{241455D4-276B-40B5-A069-8FB5D14441D7}"
EndProject
Project("{FAE04EC0-301F-11D3-BF4B-00C04F79EFBC}") = "TF.RunSafty.bll.DutyPlace", "WebAPI_Business\TF.RunSafty.bll.Place\TF.RunSafty.bll.DutyPlace.csproj", "{8838F106-BDD9-4885-BD11-A91785DE81E5}"
EndProject
Project("{FAE04EC0-301F-11D3-BF4B-00C04F79EFBC}") = "TF.RunSafty.bll.SMS", "WebAPI_Business\TF.RunSafty.bll.SMS\TF.RunSafty.bll.SMS.csproj", "{4863D21C-F84B-41EB-8E42-5B6DB0E2F582}"
EndProject
Project("{FAE04EC0-301F-11D3-BF4B-00C04F79EFBC}") = "TF.RunSafty.bll.Drink", "WebAPI_Business\TF.RunSafty.bll.Drink\TF.RunSafty.bll.Drink.csproj", "{CF10C57C-E428-4E16-AF59-5F5EAFDF126F}"
EndProject
Project("{FAE04EC0-301F-11D3-BF4B-00C04F79EFBC}") = "TF.RunSafty.bll.Utility", "WebAPI_Business\TF.RunSafty.bll.Utility\TF.RunSafty.bll.Utility.csproj", "{C028801C-3B9E-4F6E-BA89-0E168BA911A7}"
EndProject
Project("{FAE04EC0-301F-11D3-BF4B-00C04F79EFBC}") = "TF.RunSafty.bll.TrainNo", "WebAPI_Business\TF.RunSafty.bll.TrainNo\TF.RunSafty.bll.TrainNo.csproj", "{C3FE1C8E-F5C6-48F9-A58E-1F7968925ACB}"
EndProject
Project("{FAE04EC0-301F-11D3-BF4B-00C04F79EFBC}") = "TF.RunSafty.bll.TrainPlan", "WebAPI_Business\TF.RunSafty.bll.TrainPlan\TF.RunSafty.bll.TrainPlan.csproj", "{A12B5B6E-2F45-4164-A310-C378679E6E97}"
EndProject
Project("{2150E333-8FDC-42A3-9474-1A3956D46DE8}") = "测试程序", "测试程序", "{731D4D38-79D9-4294-9278-637C25ADEF1F}"
EndProject
Project("{FAE04EC0-301F-11D3-BF4B-00C04F79EFBC}") = "TF.RunSafty.bll.SignPlan", "WebAPI_Business\TF.RunSafty.bll.SignPlan\TF.RunSafty.bll.SignPlan.csproj", "{74ECA2C3-FF8B-4A5A-8E5B-65EDF805438E}"
EndProject
Project("{FAE04EC0-301F-11D3-BF4B-00C04F79EFBC}") = "TF.RunSafty.bll.SiteLogic", "WebAPI_Business\TF.RunSafty.bll.SiteLogic\TF.RunSafty.bll.SiteLogic.csproj", "{C121A511-7099-4BE0-B68E-51DA4A423161}"
EndProject
Project("{FAE04EC0-301F-11D3-BF4B-00C04F79EFBC}") = "TF.RunSafty.bll.DutyUser", "WebAPI_Business\TF.RunSafty.bll.DutyUser\TF.RunSafty.bll.DutyUser.csproj", "{74EFE387-95DA-4606-9F08-475DC1BF274B}"
EndProject
Project("{FAE04EC0-301F-11D3-BF4B-00C04F79EFBC}") = "TF.RunSafty.bll.Leave", "WebAPI_Business\TF.RunSafty.bll.Leave\TF.RunSafty.bll.Leave.csproj", "{27C3B545-9669-4493-90E6-94076DFD4FFD}"
EndProject
Project("{FAE04EC0-301F-11D3-BF4B-00C04F79EFBC}") = "TF.RunSafty.bll.TeacherXYRel", "WebAPI_Business\TF.RunSafty.bll.TeacherXYRel\TF.RunSafty.bll.TeacherXYRel.csproj", "{699FE6E3-CE5A-43E1-B936-987F68B8084E}"
EndProject
Project("{FAE04EC0-301F-11D3-BF4B-00C04F79EFBC}") = "TF.RunSafty.bll.TeamGuide", "WebAPI_Business\TF.RunSafty.bll.TeamGuide\TF.RunSafty.bll.TeamGuide.csproj", "{49F47222-2682-421B-B31C-1536A411235B}"
EndProject
Project("{FAE04EC0-301F-11D3-BF4B-00C04F79EFBC}") = "TF.RunSafty.bll.GoodsMgr", "WebAPI_Business\TF.RunSafty.bll.GoodsMgr\TF.RunSafty.bll.GoodsMgr.csproj", "{0D228BE4-12B2-4A7B-9E19-ABBC4BF86982}"
EndProject
Project("{FAE04EC0-301F-11D3-BF4B-00C04F79EFBC}") = "TF.RunSafty.bll.JiaoBan", "WebAPI_Business\TF.RunSafty.bll.JiaoBan\TF.RunSafty.bll.JiaoBan.csproj", "{7D9C1565-6D7C-4D10-81B9-FE7693DD92F9}"
EndProject
Project("{FAE04EC0-301F-11D3-BF4B-00C04F79EFBC}") = "TF.RunSafty.bll.RunEvent", "WebAPI_Business\TF.RunSafty.bll.RunEvent\TF.RunSafty.bll.RunEvent.csproj", "{21372D93-A820-4EA3-BA22-2864467780B3}"
EndProject
Project("{FAE04EC0-301F-11D3-BF4B-00C04F79EFBC}") = "TF.RunSafty.Bll.Trainman", "WebAPI_Business\TF.RunSafty.Bll.Trainman\TF.RunSafty.Bll.Trainman.csproj", "{B2447B15-C0E3-46AA-B0D1-C9006FDF6A2B}"
EndProject
Project("{FAE04EC0-301F-11D3-BF4B-00C04F79EFBC}") = "TF.RunSafty.bll.BaseDict", "WebAPI_Business\TF.RunSafty.Bll.BaseDict\TF.RunSafty.bll.BaseDict.csproj", "{62691C0E-8704-4F7E-AFF9-565E492F5320}"
EndProject
Project("{FAE04EC0-301F-11D3-BF4B-00C04F79EFBC}") = "TF.RunSafty.bll.DayPlan", "WebAPI_Business\TF.RunSafty.bll.DayPlan\TF.RunSafty.bll.DayPlan.csproj", "{ACCF81F2-2884-41ED-8237-06772E45F3DC}"
EndProject
Project("{FAE04EC0-301F-11D3-BF4B-00C04F79EFBC}") = "TF.RunSafty.bll.WriteCardSection", "WebAPI_Business\TF.RunSafty.bll.WriteCardSection\TF.RunSafty.bll.WriteCardSection.csproj", "{214B6EAC-875B-4603-B0C7-1EF8F3AA707B}"
EndProject
Project("{FAE04EC0-301F-11D3-BF4B-00C04F79EFBC}") = "TF.RunSafty.Bll.Synchronization", "WebAPI_Business\TF.RunSafty.Bll.Synchronization\TF.RunSafty.Bll.Synchronization.csproj", "{1805EEBD-C116-4E87-B853-3B1E72F12BE3}"
EndProject
Project("{FAE04EC0-301F-11D3-BF4B-00C04F79EFBC}") = "TF.RunSafty.bll.Room", "WebAPI_Business\TF.RunSafty.bll.Room\TF.RunSafty.bll.Room.csproj", "{C09FA241-887F-40B1-9CF5-5C68198A4591}"
EndProject
Project("{FAE04EC0-301F-11D3-BF4B-00C04F79EFBC}") = "TF.RunSafty.bll.LEDNameplates", "WebAPI_Business\TF.RunSafty.Bll.LEDNameplate\TF.RunSafty.bll.LEDNameplates.csproj", "{07010A44-2281-4952-BAFE-5968E0720218}"
EndProject
Project("{FAE04EC0-301F-11D3-BF4B-00C04F79EFBC}") = "ApiCommon", "ApiCommon\ApiCommon.csproj", "{F702009A-AFD3-4CA4-8336-D31342B08FEC}"
EndProject
Project("{2150E333-8FDC-42A3-9474-1A3956D46DE8}") = "通用逻辑类库", "通用逻辑类库", "{8BEF84C7-F206-42C7-8DE2-8DBA2E7E7CCB}"
EndProject
Project("{FAE04EC0-301F-11D3-BF4B-00C04F79EFBC}") = "TF.Runsafty.bll.DrinkLogic", "WebAPI_Business\TF.Runsafty.bll.DrinkLogic\TF.Runsafty.bll.DrinkLogic.csproj", "{8752B3DF-8DA3-4B8E-AE63-15A3BEE7BEBE}"
EndProject
Project("{FAE04EC0-301F-11D3-BF4B-00C04F79EFBC}") = "TF.RunSafty.bll.SelfServiceMachine", "WebAPI_Business\TF.RunSafty.bll.SelfServiceMachine\TF.RunSafty.bll.SelfServiceMachine.csproj", "{E4E3634D-AFBE-4BF9-86F1-1EA529D174D0}"
EndProject
Project("{FAE04EC0-301F-11D3-BF4B-00C04F79EFBC}") = "TF.RunSafty.bll.WorkFlow", "WebAPI_Business\TF.RunSafty.bll.WorkFlow\TF.RunSafty.bll.WorkFlow.csproj", "{A231079C-475E-479B-BC7D-17344A4DA9FF}"
EndProject
Project("{FAE04EC0-301F-11D3-BF4B-00C04F79EFBC}") = "TF.RunSafty.bll.BianXie", "WebAPI_Business\TF.RunSafty.bll.BianXie\TF.RunSafty.bll.BianXie.csproj", "{3A93B4C8-62F4-46ED-A061-AD97DA157649}"
EndProject
Project("{FAE04EC0-301F-11D3-BF4B-00C04F79EFBC}") = "TF.RunSafty.bll.VoiceCard", "WebAPI_Business\TF.RunSafty.bll.VoiceCard\TF.RunSafty.bll.VoiceCard.csproj", "{536E86F1-2024-44A6-9A2E-4A6FD302CB47}"
EndProject
Project("{FAE04EC0-301F-11D3-BF4B-00C04F79EFBC}") = "TF.RunSafty.bll.SynLog", "WebAPI_Business\TF.RunSafty.bll.SynLog\TF.RunSafty.bll.SynLog.csproj", "{84E0C845-A2E0-475E-BC75-6FBEA2300071}"
EndProject
Project("{FAE04EC0-301F-11D3-BF4B-00C04F79EFBC}") = "TF.Runsafty.bll.BeginworkFlow", "WebAPI_Business\TF.Runsafty.bll.BeginworkFlow\TF.Runsafty.bll.BeginworkFlow.csproj", "{1BAFC60F-3D3F-4A77-ABA0-613E969BABE7}"
EndProject
Project("{FAE04EC0-301F-11D3-BF4B-00C04F79EFBC}") = "TF.RunSafty.bll.WorkSteps", "WebAPI_Business\TF.RunSafty.bll.WorkSteps\TF.RunSafty.bll.WorkSteps.csproj", "{E12E450C-A6B6-4832-A9F9-E14FB77CD5FB}"
EndProject
Project("{FAE04EC0-301F-11D3-BF4B-00C04F79EFBC}") = "TF.RunSafty.bll.TMIS", "WebAPI_Business\TF.RunSafty.bll.TMIS\TF.RunSafty.bll.TMIS.csproj", "{0D851200-D87C-413A-A9F9-8D774E49C895}"
EndProject
Project("{FAE04EC0-301F-11D3-BF4B-00C04F79EFBC}") = "TF.Utils", "TF.Utils\TF.Utils.csproj", "{37EB66BC-6CF1-453F-A5A1-7AF2E6FC6FC9}"
EndProject
Project("{FAE04EC0-301F-11D3-BF4B-00C04F79EFBC}") = "TF.RunSafty.bll.KeyMan", "WebAPI_Business\TF.RunSafty.bll.KeyMan\TF.RunSafty.bll.KeyMan.csproj", "{F11F85AC-7AEB-4401-8CE2-B5B8DB8113BC}"
EndProject
Global
	GlobalSection(SolutionConfigurationPlatforms) = preSolution
		Debug|.NET = Debug|.NET
		Debug|Any CPU = Debug|Any CPU
		Debug|Mixed Platforms = Debug|Mixed Platforms
		Release|.NET = Release|.NET
		Release|Any CPU = Release|Any CPU
		Release|Mixed Platforms = Release|Mixed Platforms
	EndGlobalSection
	GlobalSection(ProjectConfigurationPlatforms) = postSolution
		{AEB4AAD5-6D16-4138-8427-00F6E960D0DB}.Debug|.NET.ActiveCfg = Debug|Any CPU
		{AEB4AAD5-6D16-4138-8427-00F6E960D0DB}.Debug|Any CPU.ActiveCfg = Debug|Any CPU
		{AEB4AAD5-6D16-4138-8427-00F6E960D0DB}.Debug|Any CPU.Build.0 = Debug|Any CPU
		{AEB4AAD5-6D16-4138-8427-00F6E960D0DB}.Debug|Mixed Platforms.ActiveCfg = Debug|Any CPU
		{AEB4AAD5-6D16-4138-8427-00F6E960D0DB}.Debug|Mixed Platforms.Build.0 = Debug|Any CPU
		{AEB4AAD5-6D16-4138-8427-00F6E960D0DB}.Release|.NET.ActiveCfg = Release|Any CPU
		{AEB4AAD5-6D16-4138-8427-00F6E960D0DB}.Release|Any CPU.ActiveCfg = Release|Any CPU
		{AEB4AAD5-6D16-4138-8427-00F6E960D0DB}.Release|Any CPU.Build.0 = Release|Any CPU
		{AEB4AAD5-6D16-4138-8427-00F6E960D0DB}.Release|Mixed Platforms.ActiveCfg = Release|Any CPU
		{AEB4AAD5-6D16-4138-8427-00F6E960D0DB}.Release|Mixed Platforms.Build.0 = Release|Any CPU
		{B4DA795B-01E6-463B-9E6B-6D5BD2006CDC}.Debug|.NET.ActiveCfg = Debug|Any CPU
		{B4DA795B-01E6-463B-9E6B-6D5BD2006CDC}.Debug|Any CPU.ActiveCfg = Debug|Any CPU
		{B4DA795B-01E6-463B-9E6B-6D5BD2006CDC}.Debug|Any CPU.Build.0 = Debug|Any CPU
		{B4DA795B-01E6-463B-9E6B-6D5BD2006CDC}.Debug|Mixed Platforms.ActiveCfg = Debug|Any CPU
		{B4DA795B-01E6-463B-9E6B-6D5BD2006CDC}.Debug|Mixed Platforms.Build.0 = Debug|Any CPU
		{B4DA795B-01E6-463B-9E6B-6D5BD2006CDC}.Release|.NET.ActiveCfg = Release|Any CPU
		{B4DA795B-01E6-463B-9E6B-6D5BD2006CDC}.Release|Any CPU.ActiveCfg = Release|Any CPU
		{B4DA795B-01E6-463B-9E6B-6D5BD2006CDC}.Release|Any CPU.Build.0 = Release|Any CPU
		{B4DA795B-01E6-463B-9E6B-6D5BD2006CDC}.Release|Mixed Platforms.ActiveCfg = Release|Any CPU
		{B4DA795B-01E6-463B-9E6B-6D5BD2006CDC}.Release|Mixed Platforms.Build.0 = Release|Any CPU
		{74CA0ECB-3D0E-492C-B6F2-CAC939E8AF8C}.Debug|.NET.ActiveCfg = Debug|Any CPU
		{74CA0ECB-3D0E-492C-B6F2-CAC939E8AF8C}.Debug|Any CPU.ActiveCfg = Debug|Any CPU
		{74CA0ECB-3D0E-492C-B6F2-CAC939E8AF8C}.Debug|Any CPU.Build.0 = Debug|Any CPU
		{74CA0ECB-3D0E-492C-B6F2-CAC939E8AF8C}.Debug|Mixed Platforms.ActiveCfg = Debug|Any CPU
		{74CA0ECB-3D0E-492C-B6F2-CAC939E8AF8C}.Debug|Mixed Platforms.Build.0 = Debug|Any CPU
		{74CA0ECB-3D0E-492C-B6F2-CAC939E8AF8C}.Release|.NET.ActiveCfg = Release|Any CPU
		{74CA0ECB-3D0E-492C-B6F2-CAC939E8AF8C}.Release|Any CPU.ActiveCfg = Release|Any CPU
		{74CA0ECB-3D0E-492C-B6F2-CAC939E8AF8C}.Release|Any CPU.Build.0 = Release|Any CPU
		{74CA0ECB-3D0E-492C-B6F2-CAC939E8AF8C}.Release|Mixed Platforms.ActiveCfg = Release|Any CPU
		{74CA0ECB-3D0E-492C-B6F2-CAC939E8AF8C}.Release|Mixed Platforms.Build.0 = Release|Any CPU
		{BE5A0F7C-1A07-431F-9361-025342BF302B}.Debug|.NET.ActiveCfg = Debug|Any CPU
		{BE5A0F7C-1A07-431F-9361-025342BF302B}.Debug|Any CPU.ActiveCfg = Debug|Any CPU
		{BE5A0F7C-1A07-431F-9361-025342BF302B}.Debug|Any CPU.Build.0 = Debug|Any CPU
		{BE5A0F7C-1A07-431F-9361-025342BF302B}.Debug|Mixed Platforms.ActiveCfg = Debug|Any CPU
		{BE5A0F7C-1A07-431F-9361-025342BF302B}.Debug|Mixed Platforms.Build.0 = Debug|Any CPU
		{BE5A0F7C-1A07-431F-9361-025342BF302B}.Release|.NET.ActiveCfg = Release|Any CPU
		{BE5A0F7C-1A07-431F-9361-025342BF302B}.Release|Any CPU.ActiveCfg = Release|Any CPU
		{BE5A0F7C-1A07-431F-9361-025342BF302B}.Release|Any CPU.Build.0 = Release|Any CPU
		{BE5A0F7C-1A07-431F-9361-025342BF302B}.Release|Mixed Platforms.ActiveCfg = Release|Any CPU
		{BE5A0F7C-1A07-431F-9361-025342BF302B}.Release|Mixed Platforms.Build.0 = Release|Any CPU
		{F799F2D2-6612-4D97-BA80-474371FB83D2}.Debug|.NET.ActiveCfg = Debug|Any CPU
		{F799F2D2-6612-4D97-BA80-474371FB83D2}.Debug|Any CPU.ActiveCfg = Debug|Any CPU
		{F799F2D2-6612-4D97-BA80-474371FB83D2}.Debug|Any CPU.Build.0 = Debug|Any CPU
		{F799F2D2-6612-4D97-BA80-474371FB83D2}.Debug|Mixed Platforms.ActiveCfg = Debug|Any CPU
		{F799F2D2-6612-4D97-BA80-474371FB83D2}.Debug|Mixed Platforms.Build.0 = Debug|Any CPU
		{F799F2D2-6612-4D97-BA80-474371FB83D2}.Release|.NET.ActiveCfg = Debug|Any CPU
		{F799F2D2-6612-4D97-BA80-474371FB83D2}.Release|Any CPU.ActiveCfg = Debug|Any CPU
		{F799F2D2-6612-4D97-BA80-474371FB83D2}.Release|Any CPU.Build.0 = Debug|Any CPU
		{F799F2D2-6612-4D97-BA80-474371FB83D2}.Release|Mixed Platforms.ActiveCfg = Debug|Any CPU
		{F799F2D2-6612-4D97-BA80-474371FB83D2}.Release|Mixed Platforms.Build.0 = Debug|Any CPU
		{805D023D-3990-44FB-8159-F29C60E34135}.Debug|.NET.ActiveCfg = Debug|Any CPU
		{805D023D-3990-44FB-8159-F29C60E34135}.Debug|Any CPU.ActiveCfg = Debug|Any CPU
		{805D023D-3990-44FB-8159-F29C60E34135}.Debug|Any CPU.Build.0 = Debug|Any CPU
		{805D023D-3990-44FB-8159-F29C60E34135}.Debug|Mixed Platforms.ActiveCfg = Debug|Any CPU
		{805D023D-3990-44FB-8159-F29C60E34135}.Debug|Mixed Platforms.Build.0 = Debug|Any CPU
		{805D023D-3990-44FB-8159-F29C60E34135}.Release|.NET.ActiveCfg = Release|Any CPU
		{805D023D-3990-44FB-8159-F29C60E34135}.Release|Any CPU.ActiveCfg = Release|Any CPU
		{805D023D-3990-44FB-8159-F29C60E34135}.Release|Any CPU.Build.0 = Release|Any CPU
		{805D023D-3990-44FB-8159-F29C60E34135}.Release|Mixed Platforms.ActiveCfg = Release|Any CPU
		{805D023D-3990-44FB-8159-F29C60E34135}.Release|Mixed Platforms.Build.0 = Release|Any CPU
		{13DF8A21-F3F2-440E-A70A-9A9DB891F796}.Debug|.NET.ActiveCfg = Debug|Any CPU
		{13DF8A21-F3F2-440E-A70A-9A9DB891F796}.Debug|Any CPU.ActiveCfg = Debug|Any CPU
		{13DF8A21-F3F2-440E-A70A-9A9DB891F796}.Debug|Any CPU.Build.0 = Debug|Any CPU
		{13DF8A21-F3F2-440E-A70A-9A9DB891F796}.Debug|Mixed Platforms.ActiveCfg = Debug|Any CPU
		{13DF8A21-F3F2-440E-A70A-9A9DB891F796}.Debug|Mixed Platforms.Build.0 = Debug|Any CPU
		{13DF8A21-F3F2-440E-A70A-9A9DB891F796}.Release|.NET.ActiveCfg = Release|Any CPU
		{13DF8A21-F3F2-440E-A70A-9A9DB891F796}.Release|Any CPU.ActiveCfg = Release|Any CPU
		{13DF8A21-F3F2-440E-A70A-9A9DB891F796}.Release|Any CPU.Build.0 = Release|Any CPU
		{13DF8A21-F3F2-440E-A70A-9A9DB891F796}.Release|Mixed Platforms.ActiveCfg = Release|Any CPU
		{13DF8A21-F3F2-440E-A70A-9A9DB891F796}.Release|Mixed Platforms.Build.0 = Release|Any CPU
		{241455D4-276B-40B5-A069-8FB5D14441D7}.Debug|.NET.ActiveCfg = Debug|Any CPU
		{241455D4-276B-40B5-A069-8FB5D14441D7}.Debug|Any CPU.ActiveCfg = Debug|Any CPU
		{241455D4-276B-40B5-A069-8FB5D14441D7}.Debug|Any CPU.Build.0 = Debug|Any CPU
		{241455D4-276B-40B5-A069-8FB5D14441D7}.Debug|Mixed Platforms.ActiveCfg = Debug|Any CPU
		{241455D4-276B-40B5-A069-8FB5D14441D7}.Debug|Mixed Platforms.Build.0 = Debug|Any CPU
		{241455D4-276B-40B5-A069-8FB5D14441D7}.Release|.NET.ActiveCfg = Release|Any CPU
		{241455D4-276B-40B5-A069-8FB5D14441D7}.Release|Any CPU.ActiveCfg = Release|Any CPU
		{241455D4-276B-40B5-A069-8FB5D14441D7}.Release|Any CPU.Build.0 = Release|Any CPU
		{241455D4-276B-40B5-A069-8FB5D14441D7}.Release|Mixed Platforms.ActiveCfg = Release|Any CPU
		{241455D4-276B-40B5-A069-8FB5D14441D7}.Release|Mixed Platforms.Build.0 = Release|Any CPU
		{8838F106-BDD9-4885-BD11-A91785DE81E5}.Debug|.NET.ActiveCfg = Debug|Any CPU
		{8838F106-BDD9-4885-BD11-A91785DE81E5}.Debug|Any CPU.ActiveCfg = Debug|Any CPU
		{8838F106-BDD9-4885-BD11-A91785DE81E5}.Debug|Any CPU.Build.0 = Debug|Any CPU
		{8838F106-BDD9-4885-BD11-A91785DE81E5}.Debug|Mixed Platforms.ActiveCfg = Debug|Any CPU
		{8838F106-BDD9-4885-BD11-A91785DE81E5}.Debug|Mixed Platforms.Build.0 = Debug|Any CPU
		{8838F106-BDD9-4885-BD11-A91785DE81E5}.Release|.NET.ActiveCfg = Release|Any CPU
		{8838F106-BDD9-4885-BD11-A91785DE81E5}.Release|Any CPU.ActiveCfg = Release|Any CPU
		{8838F106-BDD9-4885-BD11-A91785DE81E5}.Release|Any CPU.Build.0 = Release|Any CPU
		{8838F106-BDD9-4885-BD11-A91785DE81E5}.Release|Mixed Platforms.ActiveCfg = Release|Any CPU
		{8838F106-BDD9-4885-BD11-A91785DE81E5}.Release|Mixed Platforms.Build.0 = Release|Any CPU
		{4863D21C-F84B-41EB-8E42-5B6DB0E2F582}.Debug|.NET.ActiveCfg = Debug|Any CPU
		{4863D21C-F84B-41EB-8E42-5B6DB0E2F582}.Debug|Any CPU.ActiveCfg = Debug|Any CPU
		{4863D21C-F84B-41EB-8E42-5B6DB0E2F582}.Debug|Any CPU.Build.0 = Debug|Any CPU
		{4863D21C-F84B-41EB-8E42-5B6DB0E2F582}.Debug|Mixed Platforms.ActiveCfg = Debug|Any CPU
		{4863D21C-F84B-41EB-8E42-5B6DB0E2F582}.Debug|Mixed Platforms.Build.0 = Debug|Any CPU
		{4863D21C-F84B-41EB-8E42-5B6DB0E2F582}.Release|.NET.ActiveCfg = Release|Any CPU
		{4863D21C-F84B-41EB-8E42-5B6DB0E2F582}.Release|Any CPU.ActiveCfg = Release|Any CPU
		{4863D21C-F84B-41EB-8E42-5B6DB0E2F582}.Release|Any CPU.Build.0 = Release|Any CPU
		{4863D21C-F84B-41EB-8E42-5B6DB0E2F582}.Release|Mixed Platforms.ActiveCfg = Release|Any CPU
		{4863D21C-F84B-41EB-8E42-5B6DB0E2F582}.Release|Mixed Platforms.Build.0 = Release|Any CPU
		{CF10C57C-E428-4E16-AF59-5F5EAFDF126F}.Debug|.NET.ActiveCfg = Debug|Any CPU
		{CF10C57C-E428-4E16-AF59-5F5EAFDF126F}.Debug|Any CPU.ActiveCfg = Debug|Any CPU
		{CF10C57C-E428-4E16-AF59-5F5EAFDF126F}.Debug|Any CPU.Build.0 = Debug|Any CPU
		{CF10C57C-E428-4E16-AF59-5F5EAFDF126F}.Debug|Mixed Platforms.ActiveCfg = Debug|Any CPU
		{CF10C57C-E428-4E16-AF59-5F5EAFDF126F}.Debug|Mixed Platforms.Build.0 = Debug|Any CPU
		{CF10C57C-E428-4E16-AF59-5F5EAFDF126F}.Release|.NET.ActiveCfg = Release|Any CPU
		{CF10C57C-E428-4E16-AF59-5F5EAFDF126F}.Release|Any CPU.ActiveCfg = Release|Any CPU
		{CF10C57C-E428-4E16-AF59-5F5EAFDF126F}.Release|Any CPU.Build.0 = Release|Any CPU
		{CF10C57C-E428-4E16-AF59-5F5EAFDF126F}.Release|Mixed Platforms.ActiveCfg = Release|Any CPU
		{CF10C57C-E428-4E16-AF59-5F5EAFDF126F}.Release|Mixed Platforms.Build.0 = Release|Any CPU
		{C028801C-3B9E-4F6E-BA89-0E168BA911A7}.Debug|.NET.ActiveCfg = Debug|Any CPU
		{C028801C-3B9E-4F6E-BA89-0E168BA911A7}.Debug|Any CPU.ActiveCfg = Debug|Any CPU
		{C028801C-3B9E-4F6E-BA89-0E168BA911A7}.Debug|Any CPU.Build.0 = Debug|Any CPU
		{C028801C-3B9E-4F6E-BA89-0E168BA911A7}.Debug|Mixed Platforms.ActiveCfg = Debug|Any CPU
		{C028801C-3B9E-4F6E-BA89-0E168BA911A7}.Debug|Mixed Platforms.Build.0 = Debug|Any CPU
		{C028801C-3B9E-4F6E-BA89-0E168BA911A7}.Release|.NET.ActiveCfg = Release|Any CPU
		{C028801C-3B9E-4F6E-BA89-0E168BA911A7}.Release|Any CPU.ActiveCfg = Release|Any CPU
		{C028801C-3B9E-4F6E-BA89-0E168BA911A7}.Release|Any CPU.Build.0 = Release|Any CPU
		{C028801C-3B9E-4F6E-BA89-0E168BA911A7}.Release|Mixed Platforms.ActiveCfg = Release|Any CPU
		{C028801C-3B9E-4F6E-BA89-0E168BA911A7}.Release|Mixed Platforms.Build.0 = Release|Any CPU
		{C3FE1C8E-F5C6-48F9-A58E-1F7968925ACB}.Debug|.NET.ActiveCfg = Debug|Any CPU
		{C3FE1C8E-F5C6-48F9-A58E-1F7968925ACB}.Debug|Any CPU.ActiveCfg = Debug|Any CPU
		{C3FE1C8E-F5C6-48F9-A58E-1F7968925ACB}.Debug|Any CPU.Build.0 = Debug|Any CPU
		{C3FE1C8E-F5C6-48F9-A58E-1F7968925ACB}.Debug|Mixed Platforms.ActiveCfg = Debug|Any CPU
		{C3FE1C8E-F5C6-48F9-A58E-1F7968925ACB}.Debug|Mixed Platforms.Build.0 = Debug|Any CPU
		{C3FE1C8E-F5C6-48F9-A58E-1F7968925ACB}.Release|.NET.ActiveCfg = Release|Any CPU
		{C3FE1C8E-F5C6-48F9-A58E-1F7968925ACB}.Release|Any CPU.ActiveCfg = Release|Any CPU
		{C3FE1C8E-F5C6-48F9-A58E-1F7968925ACB}.Release|Any CPU.Build.0 = Release|Any CPU
		{C3FE1C8E-F5C6-48F9-A58E-1F7968925ACB}.Release|Mixed Platforms.ActiveCfg = Release|Any CPU
		{C3FE1C8E-F5C6-48F9-A58E-1F7968925ACB}.Release|Mixed Platforms.Build.0 = Release|Any CPU
		{A12B5B6E-2F45-4164-A310-C378679E6E97}.Debug|.NET.ActiveCfg = Debug|Any CPU
		{A12B5B6E-2F45-4164-A310-C378679E6E97}.Debug|Any CPU.ActiveCfg = Debug|Any CPU
		{A12B5B6E-2F45-4164-A310-C378679E6E97}.Debug|Any CPU.Build.0 = Debug|Any CPU
		{A12B5B6E-2F45-4164-A310-C378679E6E97}.Debug|Mixed Platforms.ActiveCfg = Debug|Any CPU
		{A12B5B6E-2F45-4164-A310-C378679E6E97}.Debug|Mixed Platforms.Build.0 = Debug|Any CPU
		{A12B5B6E-2F45-4164-A310-C378679E6E97}.Release|.NET.ActiveCfg = Release|Any CPU
		{A12B5B6E-2F45-4164-A310-C378679E6E97}.Release|Any CPU.ActiveCfg = Release|Any CPU
		{A12B5B6E-2F45-4164-A310-C378679E6E97}.Release|Any CPU.Build.0 = Release|Any CPU
		{A12B5B6E-2F45-4164-A310-C378679E6E97}.Release|Mixed Platforms.ActiveCfg = Release|Any CPU
		{A12B5B6E-2F45-4164-A310-C378679E6E97}.Release|Mixed Platforms.Build.0 = Release|Any CPU
		{74ECA2C3-FF8B-4A5A-8E5B-65EDF805438E}.Debug|.NET.ActiveCfg = Debug|Any CPU
		{74ECA2C3-FF8B-4A5A-8E5B-65EDF805438E}.Debug|Any CPU.ActiveCfg = Debug|Any CPU
		{74ECA2C3-FF8B-4A5A-8E5B-65EDF805438E}.Debug|Any CPU.Build.0 = Debug|Any CPU
		{74ECA2C3-FF8B-4A5A-8E5B-65EDF805438E}.Debug|Mixed Platforms.ActiveCfg = Debug|Any CPU
		{74ECA2C3-FF8B-4A5A-8E5B-65EDF805438E}.Debug|Mixed Platforms.Build.0 = Debug|Any CPU
		{74ECA2C3-FF8B-4A5A-8E5B-65EDF805438E}.Release|.NET.ActiveCfg = Release|Any CPU
		{74ECA2C3-FF8B-4A5A-8E5B-65EDF805438E}.Release|Any CPU.ActiveCfg = Release|Any CPU
		{74ECA2C3-FF8B-4A5A-8E5B-65EDF805438E}.Release|Any CPU.Build.0 = Release|Any CPU
		{74ECA2C3-FF8B-4A5A-8E5B-65EDF805438E}.Release|Mixed Platforms.ActiveCfg = Release|Any CPU
		{74ECA2C3-FF8B-4A5A-8E5B-65EDF805438E}.Release|Mixed Platforms.Build.0 = Release|Any CPU
		{C121A511-7099-4BE0-B68E-51DA4A423161}.Debug|.NET.ActiveCfg = Debug|Any CPU
		{C121A511-7099-4BE0-B68E-51DA4A423161}.Debug|Any CPU.ActiveCfg = Debug|Any CPU
		{C121A511-7099-4BE0-B68E-51DA4A423161}.Debug|Any CPU.Build.0 = Debug|Any CPU
		{C121A511-7099-4BE0-B68E-51DA4A423161}.Debug|Mixed Platforms.ActiveCfg = Debug|Any CPU
		{C121A511-7099-4BE0-B68E-51DA4A423161}.Debug|Mixed Platforms.Build.0 = Debug|Any CPU
		{C121A511-7099-4BE0-B68E-51DA4A423161}.Release|.NET.ActiveCfg = Release|Any CPU
		{C121A511-7099-4BE0-B68E-51DA4A423161}.Release|Any CPU.ActiveCfg = Release|Any CPU
		{C121A511-7099-4BE0-B68E-51DA4A423161}.Release|Any CPU.Build.0 = Release|Any CPU
		{C121A511-7099-4BE0-B68E-51DA4A423161}.Release|Mixed Platforms.ActiveCfg = Release|Any CPU
		{C121A511-7099-4BE0-B68E-51DA4A423161}.Release|Mixed Platforms.Build.0 = Release|Any CPU
		{74EFE387-95DA-4606-9F08-475DC1BF274B}.Debug|.NET.ActiveCfg = Debug|Any CPU
		{74EFE387-95DA-4606-9F08-475DC1BF274B}.Debug|Any CPU.ActiveCfg = Debug|Any CPU
		{74EFE387-95DA-4606-9F08-475DC1BF274B}.Debug|Any CPU.Build.0 = Debug|Any CPU
		{74EFE387-95DA-4606-9F08-475DC1BF274B}.Debug|Mixed Platforms.ActiveCfg = Debug|Any CPU
		{74EFE387-95DA-4606-9F08-475DC1BF274B}.Debug|Mixed Platforms.Build.0 = Debug|Any CPU
		{74EFE387-95DA-4606-9F08-475DC1BF274B}.Release|.NET.ActiveCfg = Release|Any CPU
		{74EFE387-95DA-4606-9F08-475DC1BF274B}.Release|Any CPU.ActiveCfg = Release|Any CPU
		{74EFE387-95DA-4606-9F08-475DC1BF274B}.Release|Any CPU.Build.0 = Release|Any CPU
		{74EFE387-95DA-4606-9F08-475DC1BF274B}.Release|Mixed Platforms.ActiveCfg = Release|Any CPU
		{74EFE387-95DA-4606-9F08-475DC1BF274B}.Release|Mixed Platforms.Build.0 = Release|Any CPU
		{27C3B545-9669-4493-90E6-94076DFD4FFD}.Debug|.NET.ActiveCfg = Debug|Any CPU
		{27C3B545-9669-4493-90E6-94076DFD4FFD}.Debug|Any CPU.ActiveCfg = Debug|Any CPU
		{27C3B545-9669-4493-90E6-94076DFD4FFD}.Debug|Any CPU.Build.0 = Debug|Any CPU
		{27C3B545-9669-4493-90E6-94076DFD4FFD}.Debug|Mixed Platforms.ActiveCfg = Debug|Any CPU
		{27C3B545-9669-4493-90E6-94076DFD4FFD}.Debug|Mixed Platforms.Build.0 = Debug|Any CPU
		{27C3B545-9669-4493-90E6-94076DFD4FFD}.Release|.NET.ActiveCfg = Release|Any CPU
		{27C3B545-9669-4493-90E6-94076DFD4FFD}.Release|Any CPU.ActiveCfg = Release|Any CPU
		{27C3B545-9669-4493-90E6-94076DFD4FFD}.Release|Any CPU.Build.0 = Release|Any CPU
		{27C3B545-9669-4493-90E6-94076DFD4FFD}.Release|Mixed Platforms.ActiveCfg = Release|Any CPU
		{27C3B545-9669-4493-90E6-94076DFD4FFD}.Release|Mixed Platforms.Build.0 = Release|Any CPU
		{699FE6E3-CE5A-43E1-B936-987F68B8084E}.Debug|.NET.ActiveCfg = Debug|Any CPU
		{699FE6E3-CE5A-43E1-B936-987F68B8084E}.Debug|Any CPU.ActiveCfg = Debug|Any CPU
		{699FE6E3-CE5A-43E1-B936-987F68B8084E}.Debug|Any CPU.Build.0 = Debug|Any CPU
		{699FE6E3-CE5A-43E1-B936-987F68B8084E}.Debug|Mixed Platforms.ActiveCfg = Debug|Any CPU
		{699FE6E3-CE5A-43E1-B936-987F68B8084E}.Debug|Mixed Platforms.Build.0 = Debug|Any CPU
		{699FE6E3-CE5A-43E1-B936-987F68B8084E}.Release|.NET.ActiveCfg = Release|Any CPU
		{699FE6E3-CE5A-43E1-B936-987F68B8084E}.Release|Any CPU.ActiveCfg = Release|Any CPU
		{699FE6E3-CE5A-43E1-B936-987F68B8084E}.Release|Any CPU.Build.0 = Release|Any CPU
		{699FE6E3-CE5A-43E1-B936-987F68B8084E}.Release|Mixed Platforms.ActiveCfg = Release|Any CPU
		{699FE6E3-CE5A-43E1-B936-987F68B8084E}.Release|Mixed Platforms.Build.0 = Release|Any CPU
		{49F47222-2682-421B-B31C-1536A411235B}.Debug|.NET.ActiveCfg = Debug|Any CPU
		{49F47222-2682-421B-B31C-1536A411235B}.Debug|Any CPU.ActiveCfg = Debug|Any CPU
		{49F47222-2682-421B-B31C-1536A411235B}.Debug|Any CPU.Build.0 = Debug|Any CPU
		{49F47222-2682-421B-B31C-1536A411235B}.Debug|Mixed Platforms.ActiveCfg = Debug|Any CPU
		{49F47222-2682-421B-B31C-1536A411235B}.Debug|Mixed Platforms.Build.0 = Debug|Any CPU
		{49F47222-2682-421B-B31C-1536A411235B}.Release|.NET.ActiveCfg = Release|Any CPU
		{49F47222-2682-421B-B31C-1536A411235B}.Release|Any CPU.ActiveCfg = Release|Any CPU
		{49F47222-2682-421B-B31C-1536A411235B}.Release|Any CPU.Build.0 = Release|Any CPU
		{49F47222-2682-421B-B31C-1536A411235B}.Release|Mixed Platforms.ActiveCfg = Release|Any CPU
		{49F47222-2682-421B-B31C-1536A411235B}.Release|Mixed Platforms.Build.0 = Release|Any CPU
		{0D228BE4-12B2-4A7B-9E19-ABBC4BF86982}.Debug|.NET.ActiveCfg = Debug|Any CPU
		{0D228BE4-12B2-4A7B-9E19-ABBC4BF86982}.Debug|Any CPU.ActiveCfg = Debug|Any CPU
		{0D228BE4-12B2-4A7B-9E19-ABBC4BF86982}.Debug|Any CPU.Build.0 = Debug|Any CPU
		{0D228BE4-12B2-4A7B-9E19-ABBC4BF86982}.Debug|Mixed Platforms.ActiveCfg = Debug|Any CPU
		{0D228BE4-12B2-4A7B-9E19-ABBC4BF86982}.Debug|Mixed Platforms.Build.0 = Debug|Any CPU
		{0D228BE4-12B2-4A7B-9E19-ABBC4BF86982}.Release|.NET.ActiveCfg = Release|Any CPU
		{0D228BE4-12B2-4A7B-9E19-ABBC4BF86982}.Release|Any CPU.ActiveCfg = Release|Any CPU
		{0D228BE4-12B2-4A7B-9E19-ABBC4BF86982}.Release|Any CPU.Build.0 = Release|Any CPU
		{0D228BE4-12B2-4A7B-9E19-ABBC4BF86982}.Release|Mixed Platforms.ActiveCfg = Release|Any CPU
		{0D228BE4-12B2-4A7B-9E19-ABBC4BF86982}.Release|Mixed Platforms.Build.0 = Release|Any CPU
		{7D9C1565-6D7C-4D10-81B9-FE7693DD92F9}.Debug|.NET.ActiveCfg = Debug|Any CPU
		{7D9C1565-6D7C-4D10-81B9-FE7693DD92F9}.Debug|Any CPU.ActiveCfg = Debug|Any CPU
		{7D9C1565-6D7C-4D10-81B9-FE7693DD92F9}.Debug|Any CPU.Build.0 = Debug|Any CPU
		{7D9C1565-6D7C-4D10-81B9-FE7693DD92F9}.Debug|Mixed Platforms.ActiveCfg = Debug|Any CPU
		{7D9C1565-6D7C-4D10-81B9-FE7693DD92F9}.Debug|Mixed Platforms.Build.0 = Debug|Any CPU
		{7D9C1565-6D7C-4D10-81B9-FE7693DD92F9}.Release|.NET.ActiveCfg = Release|Any CPU
		{7D9C1565-6D7C-4D10-81B9-FE7693DD92F9}.Release|Any CPU.ActiveCfg = Release|Any CPU
		{7D9C1565-6D7C-4D10-81B9-FE7693DD92F9}.Release|Any CPU.Build.0 = Release|Any CPU
		{7D9C1565-6D7C-4D10-81B9-FE7693DD92F9}.Release|Mixed Platforms.ActiveCfg = Release|Any CPU
		{7D9C1565-6D7C-4D10-81B9-FE7693DD92F9}.Release|Mixed Platforms.Build.0 = Release|Any CPU
		{21372D93-A820-4EA3-BA22-2864467780B3}.Debug|.NET.ActiveCfg = Debug|Any CPU
		{21372D93-A820-4EA3-BA22-2864467780B3}.Debug|Any CPU.ActiveCfg = Debug|Any CPU
		{21372D93-A820-4EA3-BA22-2864467780B3}.Debug|Any CPU.Build.0 = Debug|Any CPU
		{21372D93-A820-4EA3-BA22-2864467780B3}.Debug|Mixed Platforms.ActiveCfg = Debug|Any CPU
		{21372D93-A820-4EA3-BA22-2864467780B3}.Debug|Mixed Platforms.Build.0 = Debug|Any CPU
		{21372D93-A820-4EA3-BA22-2864467780B3}.Release|.NET.ActiveCfg = Release|Any CPU
		{21372D93-A820-4EA3-BA22-2864467780B3}.Release|Any CPU.ActiveCfg = Release|Any CPU
		{21372D93-A820-4EA3-BA22-2864467780B3}.Release|Any CPU.Build.0 = Release|Any CPU
		{21372D93-A820-4EA3-BA22-2864467780B3}.Release|Mixed Platforms.ActiveCfg = Release|Any CPU
		{21372D93-A820-4EA3-BA22-2864467780B3}.Release|Mixed Platforms.Build.0 = Release|Any CPU
		{B2447B15-C0E3-46AA-B0D1-C9006FDF6A2B}.Debug|.NET.ActiveCfg = Debug|Any CPU
		{B2447B15-C0E3-46AA-B0D1-C9006FDF6A2B}.Debug|Any CPU.ActiveCfg = Debug|Any CPU
		{B2447B15-C0E3-46AA-B0D1-C9006FDF6A2B}.Debug|Any CPU.Build.0 = Debug|Any CPU
		{B2447B15-C0E3-46AA-B0D1-C9006FDF6A2B}.Debug|Mixed Platforms.ActiveCfg = Debug|Any CPU
		{B2447B15-C0E3-46AA-B0D1-C9006FDF6A2B}.Debug|Mixed Platforms.Build.0 = Debug|Any CPU
		{B2447B15-C0E3-46AA-B0D1-C9006FDF6A2B}.Release|.NET.ActiveCfg = Release|Any CPU
		{B2447B15-C0E3-46AA-B0D1-C9006FDF6A2B}.Release|Any CPU.ActiveCfg = Release|Any CPU
		{B2447B15-C0E3-46AA-B0D1-C9006FDF6A2B}.Release|Any CPU.Build.0 = Release|Any CPU
		{B2447B15-C0E3-46AA-B0D1-C9006FDF6A2B}.Release|Mixed Platforms.ActiveCfg = Release|Any CPU
		{B2447B15-C0E3-46AA-B0D1-C9006FDF6A2B}.Release|Mixed Platforms.Build.0 = Release|Any CPU
		{62691C0E-8704-4F7E-AFF9-565E492F5320}.Debug|.NET.ActiveCfg = Debug|Any CPU
		{62691C0E-8704-4F7E-AFF9-565E492F5320}.Debug|Any CPU.ActiveCfg = Debug|Any CPU
		{62691C0E-8704-4F7E-AFF9-565E492F5320}.Debug|Any CPU.Build.0 = Debug|Any CPU
		{62691C0E-8704-4F7E-AFF9-565E492F5320}.Debug|Mixed Platforms.ActiveCfg = Debug|Any CPU
		{62691C0E-8704-4F7E-AFF9-565E492F5320}.Debug|Mixed Platforms.Build.0 = Debug|Any CPU
		{62691C0E-8704-4F7E-AFF9-565E492F5320}.Release|.NET.ActiveCfg = Release|Any CPU
		{62691C0E-8704-4F7E-AFF9-565E492F5320}.Release|Any CPU.ActiveCfg = Release|Any CPU
		{62691C0E-8704-4F7E-AFF9-565E492F5320}.Release|Any CPU.Build.0 = Release|Any CPU
		{62691C0E-8704-4F7E-AFF9-565E492F5320}.Release|Mixed Platforms.ActiveCfg = Release|Any CPU
		{62691C0E-8704-4F7E-AFF9-565E492F5320}.Release|Mixed Platforms.Build.0 = Release|Any CPU
		{ACCF81F2-2884-41ED-8237-06772E45F3DC}.Debug|.NET.ActiveCfg = Debug|Any CPU
		{ACCF81F2-2884-41ED-8237-06772E45F3DC}.Debug|Any CPU.ActiveCfg = Debug|Any CPU
		{ACCF81F2-2884-41ED-8237-06772E45F3DC}.Debug|Any CPU.Build.0 = Debug|Any CPU
		{ACCF81F2-2884-41ED-8237-06772E45F3DC}.Debug|Mixed Platforms.ActiveCfg = Debug|Any CPU
		{ACCF81F2-2884-41ED-8237-06772E45F3DC}.Debug|Mixed Platforms.Build.0 = Debug|Any CPU
		{ACCF81F2-2884-41ED-8237-06772E45F3DC}.Release|.NET.ActiveCfg = Release|Any CPU
		{ACCF81F2-2884-41ED-8237-06772E45F3DC}.Release|Any CPU.ActiveCfg = Release|Any CPU
		{ACCF81F2-2884-41ED-8237-06772E45F3DC}.Release|Any CPU.Build.0 = Release|Any CPU
		{ACCF81F2-2884-41ED-8237-06772E45F3DC}.Release|Mixed Platforms.ActiveCfg = Release|Any CPU
		{ACCF81F2-2884-41ED-8237-06772E45F3DC}.Release|Mixed Platforms.Build.0 = Release|Any CPU
		{214B6EAC-875B-4603-B0C7-1EF8F3AA707B}.Debug|.NET.ActiveCfg = Debug|Any CPU
		{214B6EAC-875B-4603-B0C7-1EF8F3AA707B}.Debug|Any CPU.ActiveCfg = Debug|Any CPU
		{214B6EAC-875B-4603-B0C7-1EF8F3AA707B}.Debug|Any CPU.Build.0 = Debug|Any CPU
		{214B6EAC-875B-4603-B0C7-1EF8F3AA707B}.Debug|Mixed Platforms.ActiveCfg = Debug|Any CPU
		{214B6EAC-875B-4603-B0C7-1EF8F3AA707B}.Debug|Mixed Platforms.Build.0 = Debug|Any CPU
		{214B6EAC-875B-4603-B0C7-1EF8F3AA707B}.Release|.NET.ActiveCfg = Release|Any CPU
		{214B6EAC-875B-4603-B0C7-1EF8F3AA707B}.Release|Any CPU.ActiveCfg = Release|Any CPU
		{214B6EAC-875B-4603-B0C7-1EF8F3AA707B}.Release|Any CPU.Build.0 = Release|Any CPU
		{214B6EAC-875B-4603-B0C7-1EF8F3AA707B}.Release|Mixed Platforms.ActiveCfg = Release|Any CPU
		{214B6EAC-875B-4603-B0C7-1EF8F3AA707B}.Release|Mixed Platforms.Build.0 = Release|Any CPU
		{1805EEBD-C116-4E87-B853-3B1E72F12BE3}.Debug|.NET.ActiveCfg = Debug|Any CPU
		{1805EEBD-C116-4E87-B853-3B1E72F12BE3}.Debug|Any CPU.ActiveCfg = Debug|Any CPU
		{1805EEBD-C116-4E87-B853-3B1E72F12BE3}.Debug|Any CPU.Build.0 = Debug|Any CPU
		{1805EEBD-C116-4E87-B853-3B1E72F12BE3}.Debug|Mixed Platforms.ActiveCfg = Debug|Any CPU
		{1805EEBD-C116-4E87-B853-3B1E72F12BE3}.Debug|Mixed Platforms.Build.0 = Debug|Any CPU
		{1805EEBD-C116-4E87-B853-3B1E72F12BE3}.Release|.NET.ActiveCfg = Release|Any CPU
		{1805EEBD-C116-4E87-B853-3B1E72F12BE3}.Release|Any CPU.ActiveCfg = Release|Any CPU
		{1805EEBD-C116-4E87-B853-3B1E72F12BE3}.Release|Any CPU.Build.0 = Release|Any CPU
		{1805EEBD-C116-4E87-B853-3B1E72F12BE3}.Release|Mixed Platforms.ActiveCfg = Release|Any CPU
		{1805EEBD-C116-4E87-B853-3B1E72F12BE3}.Release|Mixed Platforms.Build.0 = Release|Any CPU
		{C09FA241-887F-40B1-9CF5-5C68198A4591}.Debug|.NET.ActiveCfg = Debug|Any CPU
		{C09FA241-887F-40B1-9CF5-5C68198A4591}.Debug|Any CPU.ActiveCfg = Debug|Any CPU
		{C09FA241-887F-40B1-9CF5-5C68198A4591}.Debug|Any CPU.Build.0 = Debug|Any CPU
		{C09FA241-887F-40B1-9CF5-5C68198A4591}.Debug|Mixed Platforms.ActiveCfg = Debug|Any CPU
		{C09FA241-887F-40B1-9CF5-5C68198A4591}.Debug|Mixed Platforms.Build.0 = Debug|Any CPU
		{C09FA241-887F-40B1-9CF5-5C68198A4591}.Release|.NET.ActiveCfg = Release|Any CPU
		{C09FA241-887F-40B1-9CF5-5C68198A4591}.Release|Any CPU.ActiveCfg = Release|Any CPU
		{C09FA241-887F-40B1-9CF5-5C68198A4591}.Release|Any CPU.Build.0 = Release|Any CPU
		{C09FA241-887F-40B1-9CF5-5C68198A4591}.Release|Mixed Platforms.ActiveCfg = Release|Any CPU
		{C09FA241-887F-40B1-9CF5-5C68198A4591}.Release|Mixed Platforms.Build.0 = Release|Any CPU
		{07010A44-2281-4952-BAFE-5968E0720218}.Debug|.NET.ActiveCfg = Debug|Any CPU
		{07010A44-2281-4952-BAFE-5968E0720218}.Debug|Any CPU.ActiveCfg = Debug|Any CPU
		{07010A44-2281-4952-BAFE-5968E0720218}.Debug|Any CPU.Build.0 = Debug|Any CPU
		{07010A44-2281-4952-BAFE-5968E0720218}.Debug|Mixed Platforms.ActiveCfg = Debug|Any CPU
		{07010A44-2281-4952-BAFE-5968E0720218}.Debug|Mixed Platforms.Build.0 = Debug|Any CPU
		{07010A44-2281-4952-BAFE-5968E0720218}.Release|.NET.ActiveCfg = Release|Any CPU
		{07010A44-2281-4952-BAFE-5968E0720218}.Release|Any CPU.ActiveCfg = Release|Any CPU
		{07010A44-2281-4952-BAFE-5968E0720218}.Release|Any CPU.Build.0 = Release|Any CPU
		{07010A44-2281-4952-BAFE-5968E0720218}.Release|Mixed Platforms.ActiveCfg = Release|Any CPU
		{07010A44-2281-4952-BAFE-5968E0720218}.Release|Mixed Platforms.Build.0 = Release|Any CPU
		{F702009A-AFD3-4CA4-8336-D31342B08FEC}.Debug|.NET.ActiveCfg = Debug|Any CPU
		{F702009A-AFD3-4CA4-8336-D31342B08FEC}.Debug|Any CPU.ActiveCfg = Debug|Any CPU
		{F702009A-AFD3-4CA4-8336-D31342B08FEC}.Debug|Any CPU.Build.0 = Debug|Any CPU
		{F702009A-AFD3-4CA4-8336-D31342B08FEC}.Debug|Mixed Platforms.ActiveCfg = Debug|Any CPU
		{F702009A-AFD3-4CA4-8336-D31342B08FEC}.Debug|Mixed Platforms.Build.0 = Debug|Any CPU
		{F702009A-AFD3-4CA4-8336-D31342B08FEC}.Release|.NET.ActiveCfg = Release|Any CPU
		{F702009A-AFD3-4CA4-8336-D31342B08FEC}.Release|Any CPU.ActiveCfg = Release|Any CPU
		{F702009A-AFD3-4CA4-8336-D31342B08FEC}.Release|Any CPU.Build.0 = Release|Any CPU
		{F702009A-AFD3-4CA4-8336-D31342B08FEC}.Release|Mixed Platforms.ActiveCfg = Release|Any CPU
		{F702009A-AFD3-4CA4-8336-D31342B08FEC}.Release|Mixed Platforms.Build.0 = Release|Any CPU
		{8752B3DF-8DA3-4B8E-AE63-15A3BEE7BEBE}.Debug|.NET.ActiveCfg = Debug|Any CPU
		{8752B3DF-8DA3-4B8E-AE63-15A3BEE7BEBE}.Debug|Any CPU.ActiveCfg = Debug|Any CPU
		{8752B3DF-8DA3-4B8E-AE63-15A3BEE7BEBE}.Debug|Any CPU.Build.0 = Debug|Any CPU
		{8752B3DF-8DA3-4B8E-AE63-15A3BEE7BEBE}.Debug|Mixed Platforms.ActiveCfg = Debug|Any CPU
		{8752B3DF-8DA3-4B8E-AE63-15A3BEE7BEBE}.Debug|Mixed Platforms.Build.0 = Debug|Any CPU
		{8752B3DF-8DA3-4B8E-AE63-15A3BEE7BEBE}.Release|.NET.ActiveCfg = Release|Any CPU
		{8752B3DF-8DA3-4B8E-AE63-15A3BEE7BEBE}.Release|Any CPU.ActiveCfg = Release|Any CPU
		{8752B3DF-8DA3-4B8E-AE63-15A3BEE7BEBE}.Release|Any CPU.Build.0 = Release|Any CPU
		{8752B3DF-8DA3-4B8E-AE63-15A3BEE7BEBE}.Release|Mixed Platforms.ActiveCfg = Release|Any CPU
		{8752B3DF-8DA3-4B8E-AE63-15A3BEE7BEBE}.Release|Mixed Platforms.Build.0 = Release|Any CPU
		{E4E3634D-AFBE-4BF9-86F1-1EA529D174D0}.Debug|.NET.ActiveCfg = Debug|Any CPU
		{E4E3634D-AFBE-4BF9-86F1-1EA529D174D0}.Debug|Any CPU.ActiveCfg = Debug|Any CPU
		{E4E3634D-AFBE-4BF9-86F1-1EA529D174D0}.Debug|Any CPU.Build.0 = Debug|Any CPU
		{E4E3634D-AFBE-4BF9-86F1-1EA529D174D0}.Debug|Mixed Platforms.ActiveCfg = Debug|Any CPU
		{E4E3634D-AFBE-4BF9-86F1-1EA529D174D0}.Debug|Mixed Platforms.Build.0 = Debug|Any CPU
		{E4E3634D-AFBE-4BF9-86F1-1EA529D174D0}.Release|.NET.ActiveCfg = Release|Any CPU
		{E4E3634D-AFBE-4BF9-86F1-1EA529D174D0}.Release|Any CPU.ActiveCfg = Release|Any CPU
		{E4E3634D-AFBE-4BF9-86F1-1EA529D174D0}.Release|Any CPU.Build.0 = Release|Any CPU
		{E4E3634D-AFBE-4BF9-86F1-1EA529D174D0}.Release|Mixed Platforms.ActiveCfg = Release|Any CPU
		{E4E3634D-AFBE-4BF9-86F1-1EA529D174D0}.Release|Mixed Platforms.Build.0 = Release|Any CPU
		{A231079C-475E-479B-BC7D-17344A4DA9FF}.Debug|.NET.ActiveCfg = Debug|Any CPU
		{A231079C-475E-479B-BC7D-17344A4DA9FF}.Debug|Any CPU.ActiveCfg = Debug|Any CPU
		{A231079C-475E-479B-BC7D-17344A4DA9FF}.Debug|Any CPU.Build.0 = Debug|Any CPU
		{A231079C-475E-479B-BC7D-17344A4DA9FF}.Debug|Mixed Platforms.ActiveCfg = Debug|Any CPU
		{A231079C-475E-479B-BC7D-17344A4DA9FF}.Debug|Mixed Platforms.Build.0 = Debug|Any CPU
		{A231079C-475E-479B-BC7D-17344A4DA9FF}.Release|.NET.ActiveCfg = Release|Any CPU
		{A231079C-475E-479B-BC7D-17344A4DA9FF}.Release|Any CPU.ActiveCfg = Release|Any CPU
		{A231079C-475E-479B-BC7D-17344A4DA9FF}.Release|Any CPU.Build.0 = Release|Any CPU
		{A231079C-475E-479B-BC7D-17344A4DA9FF}.Release|Mixed Platforms.ActiveCfg = Release|Any CPU
		{A231079C-475E-479B-BC7D-17344A4DA9FF}.Release|Mixed Platforms.Build.0 = Release|Any CPU
		{3A93B4C8-62F4-46ED-A061-AD97DA157649}.Debug|.NET.ActiveCfg = Debug|Any CPU
		{3A93B4C8-62F4-46ED-A061-AD97DA157649}.Debug|Any CPU.ActiveCfg = Debug|Any CPU
		{3A93B4C8-62F4-46ED-A061-AD97DA157649}.Debug|Any CPU.Build.0 = Debug|Any CPU
		{3A93B4C8-62F4-46ED-A061-AD97DA157649}.Debug|Mixed Platforms.ActiveCfg = Debug|Any CPU
		{3A93B4C8-62F4-46ED-A061-AD97DA157649}.Debug|Mixed Platforms.Build.0 = Debug|Any CPU
		{3A93B4C8-62F4-46ED-A061-AD97DA157649}.Release|.NET.ActiveCfg = Release|Any CPU
		{3A93B4C8-62F4-46ED-A061-AD97DA157649}.Release|Any CPU.ActiveCfg = Release|Any CPU
		{3A93B4C8-62F4-46ED-A061-AD97DA157649}.Release|Any CPU.Build.0 = Release|Any CPU
		{3A93B4C8-62F4-46ED-A061-AD97DA157649}.Release|Mixed Platforms.ActiveCfg = Release|Any CPU
		{3A93B4C8-62F4-46ED-A061-AD97DA157649}.Release|Mixed Platforms.Build.0 = Release|Any CPU
		{536E86F1-2024-44A6-9A2E-4A6FD302CB47}.Debug|.NET.ActiveCfg = Debug|Any CPU
		{536E86F1-2024-44A6-9A2E-4A6FD302CB47}.Debug|Any CPU.ActiveCfg = Debug|Any CPU
		{536E86F1-2024-44A6-9A2E-4A6FD302CB47}.Debug|Any CPU.Build.0 = Debug|Any CPU
		{536E86F1-2024-44A6-9A2E-4A6FD302CB47}.Debug|Mixed Platforms.ActiveCfg = Debug|Any CPU
		{536E86F1-2024-44A6-9A2E-4A6FD302CB47}.Debug|Mixed Platforms.Build.0 = Debug|Any CPU
		{536E86F1-2024-44A6-9A2E-4A6FD302CB47}.Release|.NET.ActiveCfg = Release|Any CPU
		{536E86F1-2024-44A6-9A2E-4A6FD302CB47}.Release|Any CPU.ActiveCfg = Release|Any CPU
		{536E86F1-2024-44A6-9A2E-4A6FD302CB47}.Release|Any CPU.Build.0 = Release|Any CPU
		{536E86F1-2024-44A6-9A2E-4A6FD302CB47}.Release|Mixed Platforms.ActiveCfg = Release|Any CPU
		{536E86F1-2024-44A6-9A2E-4A6FD302CB47}.Release|Mixed Platforms.Build.0 = Release|Any CPU
		{84E0C845-A2E0-475E-BC75-6FBEA2300071}.Debug|.NET.ActiveCfg = Debug|Any CPU
		{84E0C845-A2E0-475E-BC75-6FBEA2300071}.Debug|Any CPU.ActiveCfg = Debug|Any CPU
		{84E0C845-A2E0-475E-BC75-6FBEA2300071}.Debug|Any CPU.Build.0 = Debug|Any CPU
		{84E0C845-A2E0-475E-BC75-6FBEA2300071}.Debug|Mixed Platforms.ActiveCfg = Debug|Any CPU
		{84E0C845-A2E0-475E-BC75-6FBEA2300071}.Debug|Mixed Platforms.Build.0 = Debug|Any CPU
		{84E0C845-A2E0-475E-BC75-6FBEA2300071}.Release|.NET.ActiveCfg = Release|Any CPU
		{84E0C845-A2E0-475E-BC75-6FBEA2300071}.Release|Any CPU.ActiveCfg = Release|Any CPU
		{84E0C845-A2E0-475E-BC75-6FBEA2300071}.Release|Any CPU.Build.0 = Release|Any CPU
		{84E0C845-A2E0-475E-BC75-6FBEA2300071}.Release|Mixed Platforms.ActiveCfg = Release|Any CPU
		{84E0C845-A2E0-475E-BC75-6FBEA2300071}.Release|Mixed Platforms.Build.0 = Release|Any CPU
		{1BAFC60F-3D3F-4A77-ABA0-613E969BABE7}.Debug|.NET.ActiveCfg = Debug|Any CPU
		{1BAFC60F-3D3F-4A77-ABA0-613E969BABE7}.Debug|Any CPU.ActiveCfg = Debug|Any CPU
		{1BAFC60F-3D3F-4A77-ABA0-613E969BABE7}.Debug|Any CPU.Build.0 = Debug|Any CPU
		{1BAFC60F-3D3F-4A77-ABA0-613E969BABE7}.Debug|Mixed Platforms.ActiveCfg = Debug|Any CPU
		{1BAFC60F-3D3F-4A77-ABA0-613E969BABE7}.Debug|Mixed Platforms.Build.0 = Debug|Any CPU
		{1BAFC60F-3D3F-4A77-ABA0-613E969BABE7}.Release|.NET.ActiveCfg = Release|Any CPU
		{1BAFC60F-3D3F-4A77-ABA0-613E969BABE7}.Release|Any CPU.ActiveCfg = Release|Any CPU
		{1BAFC60F-3D3F-4A77-ABA0-613E969BABE7}.Release|Any CPU.Build.0 = Release|Any CPU
		{1BAFC60F-3D3F-4A77-ABA0-613E969BABE7}.Release|Mixed Platforms.ActiveCfg = Release|Any CPU
		{1BAFC60F-3D3F-4A77-ABA0-613E969BABE7}.Release|Mixed Platforms.Build.0 = Release|Any CPU
		{E12E450C-A6B6-4832-A9F9-E14FB77CD5FB}.Debug|.NET.ActiveCfg = Debug|Any CPU
		{E12E450C-A6B6-4832-A9F9-E14FB77CD5FB}.Debug|Any CPU.ActiveCfg = Debug|Any CPU
		{E12E450C-A6B6-4832-A9F9-E14FB77CD5FB}.Debug|Any CPU.Build.0 = Debug|Any CPU
		{E12E450C-A6B6-4832-A9F9-E14FB77CD5FB}.Debug|Mixed Platforms.ActiveCfg = Debug|Any CPU
		{E12E450C-A6B6-4832-A9F9-E14FB77CD5FB}.Debug|Mixed Platforms.Build.0 = Debug|Any CPU
		{E12E450C-A6B6-4832-A9F9-E14FB77CD5FB}.Release|.NET.ActiveCfg = Release|Any CPU
		{E12E450C-A6B6-4832-A9F9-E14FB77CD5FB}.Release|Any CPU.ActiveCfg = Release|Any CPU
		{E12E450C-A6B6-4832-A9F9-E14FB77CD5FB}.Release|Any CPU.Build.0 = Release|Any CPU
		{E12E450C-A6B6-4832-A9F9-E14FB77CD5FB}.Release|Mixed Platforms.ActiveCfg = Release|Any CPU
		{E12E450C-A6B6-4832-A9F9-E14FB77CD5FB}.Release|Mixed Platforms.Build.0 = Release|Any CPU
		{0D851200-D87C-413A-A9F9-8D774E49C895}.Debug|.NET.ActiveCfg = Debug|Any CPU
		{0D851200-D87C-413A-A9F9-8D774E49C895}.Debug|Any CPU.ActiveCfg = Debug|Any CPU
		{0D851200-D87C-413A-A9F9-8D774E49C895}.Debug|Any CPU.Build.0 = Debug|Any CPU
		{0D851200-D87C-413A-A9F9-8D774E49C895}.Debug|Mixed Platforms.ActiveCfg = Debug|Any CPU
		{0D851200-D87C-413A-A9F9-8D774E49C895}.Debug|Mixed Platforms.Build.0 = Debug|Any CPU
		{0D851200-D87C-413A-A9F9-8D774E49C895}.Release|.NET.ActiveCfg = Release|Any CPU
		{0D851200-D87C-413A-A9F9-8D774E49C895}.Release|Any CPU.ActiveCfg = Release|Any CPU
		{0D851200-D87C-413A-A9F9-8D774E49C895}.Release|Any CPU.Build.0 = Release|Any CPU
		{0D851200-D87C-413A-A9F9-8D774E49C895}.Release|Mixed Platforms.ActiveCfg = Release|Any CPU
		{0D851200-D87C-413A-A9F9-8D774E49C895}.Release|Mixed Platforms.Build.0 = Release|Any CPU
		{37EB66BC-6CF1-453F-A5A1-7AF2E6FC6FC9}.Debug|.NET.ActiveCfg = Debug|Any CPU
		{37EB66BC-6CF1-453F-A5A1-7AF2E6FC6FC9}.Debug|Any CPU.ActiveCfg = Debug|Any CPU
		{37EB66BC-6CF1-453F-A5A1-7AF2E6FC6FC9}.Debug|Any CPU.Build.0 = Debug|Any CPU
		{37EB66BC-6CF1-453F-A5A1-7AF2E6FC6FC9}.Debug|Mixed Platforms.ActiveCfg = Debug|Any CPU
		{37EB66BC-6CF1-453F-A5A1-7AF2E6FC6FC9}.Debug|Mixed Platforms.Build.0 = Debug|Any CPU
		{37EB66BC-6CF1-453F-A5A1-7AF2E6FC6FC9}.Release|.NET.ActiveCfg = Release|Any CPU
		{37EB66BC-6CF1-453F-A5A1-7AF2E6FC6FC9}.Release|Any CPU.ActiveCfg = Release|Any CPU
		{37EB66BC-6CF1-453F-A5A1-7AF2E6FC6FC9}.Release|Any CPU.Build.0 = Release|Any CPU
		{37EB66BC-6CF1-453F-A5A1-7AF2E6FC6FC9}.Release|Mixed Platforms.ActiveCfg = Release|Any CPU
		{37EB66BC-6CF1-453F-A5A1-7AF2E6FC6FC9}.Release|Mixed Platforms.Build.0 = Release|Any CPU
		{F11F85AC-7AEB-4401-8CE2-B5B8DB8113BC}.Debug|.NET.ActiveCfg = Debug|Any CPU
		{F11F85AC-7AEB-4401-8CE2-B5B8DB8113BC}.Debug|Any CPU.ActiveCfg = Debug|Any CPU
		{F11F85AC-7AEB-4401-8CE2-B5B8DB8113BC}.Debug|Any CPU.Build.0 = Debug|Any CPU
		{F11F85AC-7AEB-4401-8CE2-B5B8DB8113BC}.Debug|Mixed Platforms.ActiveCfg = Debug|Any CPU
		{F11F85AC-7AEB-4401-8CE2-B5B8DB8113BC}.Debug|Mixed Platforms.Build.0 = Debug|Any CPU
		{F11F85AC-7AEB-4401-8CE2-B5B8DB8113BC}.Release|.NET.ActiveCfg = Release|Any CPU
		{F11F85AC-7AEB-4401-8CE2-B5B8DB8113BC}.Release|Any CPU.ActiveCfg = Release|Any CPU
		{F11F85AC-7AEB-4401-8CE2-B5B8DB8113BC}.Release|Any CPU.Build.0 = Release|Any CPU
		{F11F85AC-7AEB-4401-8CE2-B5B8DB8113BC}.Release|Mixed Platforms.ActiveCfg = Release|Any CPU
		{F11F85AC-7AEB-4401-8CE2-B5B8DB8113BC}.Release|Mixed Platforms.Build.0 = Release|Any CPU
	EndGlobalSection
	GlobalSection(SolutionProperties) = preSolution
		HideSolutionNode = FALSE
	EndGlobalSection
	GlobalSection(NestedProjects) = preSolution
		{B4DA795B-01E6-463B-9E6B-6D5BD2006CDC} = {A183FBC2-9C56-4519-A8F2-F8CA82BADBE3}
		{74CA0ECB-3D0E-492C-B6F2-CAC939E8AF8C} = {A183FBC2-9C56-4519-A8F2-F8CA82BADBE3}
		{BE5A0F7C-1A07-431F-9361-025342BF302B} = {A183FBC2-9C56-4519-A8F2-F8CA82BADBE3}
		{AEB4AAD5-6D16-4138-8427-00F6E960D0DB} = {A183FBC2-9C56-4519-A8F2-F8CA82BADBE3}
		{F702009A-AFD3-4CA4-8336-D31342B08FEC} = {A183FBC2-9C56-4519-A8F2-F8CA82BADBE3}
		{37EB66BC-6CF1-453F-A5A1-7AF2E6FC6FC9} = {A183FBC2-9C56-4519-A8F2-F8CA82BADBE3}
		{F799F2D2-6612-4D97-BA80-474371FB83D2} = {C1B86247-3C62-4F14-94FF-24A9A8B95133}
		{805D023D-3990-44FB-8159-F29C60E34135} = {C1B86247-3C62-4F14-94FF-24A9A8B95133}
		{13DF8A21-F3F2-440E-A70A-9A9DB891F796} = {C1B86247-3C62-4F14-94FF-24A9A8B95133}
		{241455D4-276B-40B5-A069-8FB5D14441D7} = {C1B86247-3C62-4F14-94FF-24A9A8B95133}
		{8838F106-BDD9-4885-BD11-A91785DE81E5} = {C1B86247-3C62-4F14-94FF-24A9A8B95133}
		{4863D21C-F84B-41EB-8E42-5B6DB0E2F582} = {C1B86247-3C62-4F14-94FF-24A9A8B95133}
		{CF10C57C-E428-4E16-AF59-5F5EAFDF126F} = {C1B86247-3C62-4F14-94FF-24A9A8B95133}
		{C028801C-3B9E-4F6E-BA89-0E168BA911A7} = {C1B86247-3C62-4F14-94FF-24A9A8B95133}
		{C3FE1C8E-F5C6-48F9-A58E-1F7968925ACB} = {C1B86247-3C62-4F14-94FF-24A9A8B95133}
		{A12B5B6E-2F45-4164-A310-C378679E6E97} = {C1B86247-3C62-4F14-94FF-24A9A8B95133}
		{74ECA2C3-FF8B-4A5A-8E5B-65EDF805438E} = {C1B86247-3C62-4F14-94FF-24A9A8B95133}
		{C121A511-7099-4BE0-B68E-51DA4A423161} = {C1B86247-3C62-4F14-94FF-24A9A8B95133}
		{74EFE387-95DA-4606-9F08-475DC1BF274B} = {C1B86247-3C62-4F14-94FF-24A9A8B95133}
		{27C3B545-9669-4493-90E6-94076DFD4FFD} = {C1B86247-3C62-4F14-94FF-24A9A8B95133}
		{699FE6E3-CE5A-43E1-B936-987F68B8084E} = {C1B86247-3C62-4F14-94FF-24A9A8B95133}
		{49F47222-2682-421B-B31C-1536A411235B} = {C1B86247-3C62-4F14-94FF-24A9A8B95133}
		{0D228BE4-12B2-4A7B-9E19-ABBC4BF86982} = {C1B86247-3C62-4F14-94FF-24A9A8B95133}
		{7D9C1565-6D7C-4D10-81B9-FE7693DD92F9} = {C1B86247-3C62-4F14-94FF-24A9A8B95133}
		{21372D93-A820-4EA3-BA22-2864467780B3} = {C1B86247-3C62-4F14-94FF-24A9A8B95133}
		{B2447B15-C0E3-46AA-B0D1-C9006FDF6A2B} = {C1B86247-3C62-4F14-94FF-24A9A8B95133}
		{62691C0E-8704-4F7E-AFF9-565E492F5320} = {C1B86247-3C62-4F14-94FF-24A9A8B95133}
		{ACCF81F2-2884-41ED-8237-06772E45F3DC} = {C1B86247-3C62-4F14-94FF-24A9A8B95133}
		{214B6EAC-875B-4603-B0C7-1EF8F3AA707B} = {C1B86247-3C62-4F14-94FF-24A9A8B95133}
		{1805EEBD-C116-4E87-B853-3B1E72F12BE3} = {C1B86247-3C62-4F14-94FF-24A9A8B95133}
		{C09FA241-887F-40B1-9CF5-5C68198A4591} = {C1B86247-3C62-4F14-94FF-24A9A8B95133}
		{07010A44-2281-4952-BAFE-5968E0720218} = {C1B86247-3C62-4F14-94FF-24A9A8B95133}
		{E4E3634D-AFBE-4BF9-86F1-1EA529D174D0} = {C1B86247-3C62-4F14-94FF-24A9A8B95133}
		{A231079C-475E-479B-BC7D-17344A4DA9FF} = {C1B86247-3C62-4F14-94FF-24A9A8B95133}
		{3A93B4C8-62F4-46ED-A061-AD97DA157649} = {C1B86247-3C62-4F14-94FF-24A9A8B95133}
		{536E86F1-2024-44A6-9A2E-4A6FD302CB47} = {C1B86247-3C62-4F14-94FF-24A9A8B95133}
		{E12E450C-A6B6-4832-A9F9-E14FB77CD5FB} = {C1B86247-3C62-4F14-94FF-24A9A8B95133}
		{0D851200-D87C-413A-A9F9-8D774E49C895} = {C1B86247-3C62-4F14-94FF-24A9A8B95133}
		{F11F85AC-7AEB-4401-8CE2-B5B8DB8113BC} = {C1B86247-3C62-4F14-94FF-24A9A8B95133}
		{8752B3DF-8DA3-4B8E-AE63-15A3BEE7BEBE} = {8BEF84C7-F206-42C7-8DE2-8DBA2E7E7CCB}
		{84E0C845-A2E0-475E-BC75-6FBEA2300071} = {8BEF84C7-F206-42C7-8DE2-8DBA2E7E7CCB}
		{1BAFC60F-3D3F-4A77-ABA0-613E969BABE7} = {8BEF84C7-F206-42C7-8DE2-8DBA2E7E7CCB}
	EndGlobalSection
EndGlobal
