
Microsoft Visual Studio Solution File, Format Version 11.00
# Visual Studio 2010
Project("{FAE04EC0-301F-11D3-BF4B-00C04F79EFBC}") = "TF.RunSafty.bll.WorkFlow", "TF.RunSafty.bll.WorkFlow.csproj", "{A231079C-475E-479B-BC7D-17344A4DA9FF}"
EndProject
Global
	GlobalSection(SolutionConfigurationPlatforms) = preSolution
		Debug|Any CPU = Debug|Any CPU
		Release|Any CPU = Release|Any CPU
	EndGlobalSection
	GlobalSection(ProjectConfigurationPlatforms) = postSolution
		{A231079C-475E-479B-BC7D-17344A4DA9FF}.Debug|Any CPU.ActiveCfg = Debug|Any CPU
		{A231079C-475E-479B-BC7D-17344A4DA9FF}.Debug|Any CPU.Build.0 = Debug|Any CPU
		{A231079C-475E-479B-BC7D-17344A4DA9FF}.Release|Any CPU.ActiveCfg = Release|Any CPU
		{A231079C-475E-479B-BC7D-17344A4DA9FF}.Release|Any CPU.Build.0 = Release|Any CPU
	EndGlobalSection
	GlobalSection(SolutionProperties) = preSolution
		HideSolutionNode = FALSE
	EndGlobalSection
EndGlobal
